
Microsoft Visual Studio Solution File, Format Version 12.00
# Visual Studio Version 17
VisualStudioVersion = 17.9.34701.34
MinimumVisualStudioVersion = 10.0.40219.1
Project("{9A19103F-16F7-4668-BE54-9A1E7A4F7556}") = "RecipeBackend.Application", "RecipeBackend.Application\RecipeBackend.Application.csproj", "{DBE18202-733E-475D-A07E-1E7CF5034100}"
EndProject
Project("{9A19103F-16F7-4668-BE54-9A1E7A4F7556}") = "RecipeBackend.Infrastructure", "RecipeBackend.Infrastructure\RecipeBackend.Infrastructure.csproj", "{94930249-32F2-4EE3-B202-40A9D9B04F0A}"
	ProjectSection(ProjectDependencies) = postProject
		{685483E7-FE00-4517-8CCA-8A1A63679067} = {685483E7-FE00-4517-8CCA-8A1A63679067}
	EndProjectSection
EndProject
Project("{9A19103F-16F7-4668-BE54-9A1E7A4F7556}") = "RecipeBackend.Domain", "RecipeBackend.Domain\RecipeBackend.Domain.csproj", "{685483E7-FE00-4517-8CCA-8A1A63679067}"
EndProject
Project("{9A19103F-16F7-4668-BE54-9A1E7A4F7556}") = "RecipeBackend.WebAPI", "RecipeBackend.WebAPI\RecipeBackend.WebAPI.csproj", "{974AA23B-C5E2-490D-BEA3-2B06F63AC45A}"
EndProject
Project("{FAE04EC0-301F-11D3-BF4B-00C04F79EFBC}") = "RecipeBackend.Application.Tests", "RecipeBackend.Application.Tests\RecipeBackend.Application.Tests.csproj", "{FA2E5C97-EB93-4702-B852-53CDCF5A4C92}"
EndProject
Global
	GlobalSection(SolutionConfigurationPlatforms) = preSolution
		Debug|Any CPU = Debug|Any CPU
		Release|Any CPU = Release|Any CPU
	EndGlobalSection
	GlobalSection(ProjectConfigurationPlatforms) = postSolution
		{DBE18202-733E-475D-A07E-1E7CF5034100}.Debug|Any CPU.ActiveCfg = Debug|Any CPU
		{DBE18202-733E-475D-A07E-1E7CF5034100}.Debug|Any CPU.Build.0 = Debug|Any CPU
		{DBE18202-733E-475D-A07E-1E7CF5034100}.Release|Any CPU.ActiveCfg = Release|Any CPU
		{DBE18202-733E-475D-A07E-1E7CF5034100}.Release|Any CPU.Build.0 = Release|Any CPU
		{94930249-32F2-4EE3-B202-40A9D9B04F0A}.Debug|Any CPU.ActiveCfg = Debug|Any CPU
		{94930249-32F2-4EE3-B202-40A9D9B04F0A}.Debug|Any CPU.Build.0 = Debug|Any CPU
		{94930249-32F2-4EE3-B202-40A9D9B04F0A}.Release|Any CPU.ActiveCfg = Release|Any CPU
		{94930249-32F2-4EE3-B202-40A9D9B04F0A}.Release|Any CPU.Build.0 = Release|Any CPU
		{685483E7-FE00-4517-8CCA-8A1A63679067}.Debug|Any CPU.ActiveCfg = Debug|Any CPU
		{685483E7-FE00-4517-8CCA-8A1A63679067}.Debug|Any CPU.Build.0 = Debug|Any CPU
		{685483E7-FE00-4517-8CCA-8A1A63679067}.Release|Any CPU.ActiveCfg = Release|Any CPU
		{685483E7-FE00-4517-8CCA-8A1A63679067}.Release|Any CPU.Build.0 = Release|Any CPU
		{974AA23B-C5E2-490D-BEA3-2B06F63AC45A}.Debug|Any CPU.ActiveCfg = Debug|Any CPU
		{974AA23B-C5E2-490D-BEA3-2B06F63AC45A}.Debug|Any CPU.Build.0 = Debug|Any CPU
		{974AA23B-C5E2-490D-BEA3-2B06F63AC45A}.Release|Any CPU.ActiveCfg = Release|Any CPU
		{974AA23B-C5E2-490D-BEA3-2B06F63AC45A}.Release|Any CPU.Build.0 = Release|Any CPU
		{FA2E5C97-EB93-4702-B852-53CDCF5A4C92}.Debug|Any CPU.ActiveCfg = Debug|Any CPU
		{FA2E5C97-EB93-4702-B852-53CDCF5A4C92}.Debug|Any CPU.Build.0 = Debug|Any CPU
		{FA2E5C97-EB93-4702-B852-53CDCF5A4C92}.Release|Any CPU.ActiveCfg = Release|Any CPU
		{FA2E5C97-EB93-4702-B852-53CDCF5A4C92}.Release|Any CPU.Build.0 = Release|Any CPU
	EndGlobalSection
	GlobalSection(SolutionProperties) = preSolution
		HideSolutionNode = FALSE
	EndGlobalSection
EndGlobal
